
Microsoft Visual Studio Solution File, Format Version 12.00
# Visual Studio Version 16
VisualStudioVersion = 16.0.31729.503
MinimumVisualStudioVersion = 10.0.40219.1
Project("{FAE04EC0-301F-11D3-BF4B-00C04F79EFBC}") = "ConsoleApp2_TopLearn_Method", "ConsoleApp2_TopLearn_Method.csproj", "{722AD07B-65D8-4FDE-BE5E-C23DAA0FC3F2}"
EndProject
Global
	GlobalSection(SolutionConfigurationPlatforms) = preSolution
		Debug|Any CPU = Debug|Any CPU
		Release|Any CPU = Release|Any CPU
	EndGlobalSection
	GlobalSection(ProjectConfigurationPlatforms) = postSolution
		{722AD07B-65D8-4FDE-BE5E-C23DAA0FC3F2}.Debug|Any CPU.ActiveCfg = Debug|Any CPU
		{722AD07B-65D8-4FDE-BE5E-C23DAA0FC3F2}.Debug|Any CPU.Build.0 = Debug|Any CPU
		{722AD07B-65D8-4FDE-BE5E-C23DAA0FC3F2}.Release|Any CPU.ActiveCfg = Release|Any CPU
		{722AD07B-65D8-4FDE-BE5E-C23DAA0FC3F2}.Release|Any CPU.Build.0 = Release|Any CPU
	EndGlobalSection
	GlobalSection(SolutionProperties) = preSolution
		HideSolutionNode = FALSE
	EndGlobalSection
	GlobalSection(ExtensibilityGlobals) = postSolution
		SolutionGuid = {0A7DA795-A1A2-4379-996B-DF4F1813D616}
	EndGlobalSection
EndGlobal
